# THIS IS AN AUTOGENERATED FILE. DO NOT EDIT THIS FILE DIRECTLY.
# yarn lockfile v1


"@tsconfig/strictest@^1.0.2":
  version "1.0.2"
  resolved "https://registry.yarnpkg.com/@tsconfig/strictest/-/strictest-1.0.2.tgz#aff98cd714dbd1722c9229eed2dcf3fc6fd30fd9"
  integrity sha512-IRKlC8cnP7zMz1SDBjyIVyPapkEGWLZ6wkF6Z8T+xU80P9sO5uGXlIUvtzjx+7ehPJRWxkB6CeIDwUfyqNtYkQ==

"@tsplus/stdlib@^0.2.8":
  version "0.2.8"
  resolved "https://registry.yarnpkg.com/@tsplus/stdlib/-/stdlib-0.2.8.tgz#060380d9d16d5ae059750c469f52e4257a1b6e66"
  integrity sha512-UKAN06h9V/wUflSbOU1WwACisXEi4+PHwGqR+bwxqcClrEAA8KKTTLZ0ATMbqbVAVTudE0vW4pd5iY6vGvSFBw==

date-fns@^2.29.3:
  version "2.29.3"
  resolved "https://registry.yarnpkg.com/date-fns/-/date-fns-2.29.3.tgz#27402d2fc67eb442b511b70bbdf98e6411cd68a8"
  integrity sha512-dDCnyH2WnnKusqvZZ6+jA1O51Ibt8ZMRNkDZdyAyK4YfbDwa/cEmuztzG5pk6hqlp9aSBPYcjOlktquahGwGeA==

"typescript@https://cdn.jsdelivr.net/npm/@tsplus/installer@0.0.150/compiler/typescript.tgz":
  version "4.9.0-tsplus.20221101"
  resolved "https://cdn.jsdelivr.net/npm/@tsplus/installer@0.0.150/compiler/typescript.tgz#90fc31c92f2c6cfc919314e5499ec4fc95a03de0"
